// !$*UTF8*$!
{
	archiveVersion = 1;
	classes = {
	};
	objectVersion = 50;
	objects = {

/* Begin PBXBuildFile section */
		C7E55B66228E581A00A631B1 /* AppDelegate.m in Sources */ = {isa = PBXBuildFile; fileRef = C7E55B65228E581A00A631B1 /* AppDelegate.m */; };
		C7E55B6C228E581A00A631B1 /* Main.storyboard in Resources */ = {isa = PBXBuildFile; fileRef = C7E55B6A228E581A00A631B1 /* Main.storyboard */; };
		C7E55B6E228E581B00A631B1 /* Assets.xcassets in Resources */ = {isa = PBXBuildFile; fileRef = C7E55B6D228E581B00A631B1 /* Assets.xcassets */; };
		C7E55B71228E581B00A631B1 /* LaunchScreen.storyboard in Resources */ = {isa = PBXBuildFile; fileRef = C7E55B6F228E581B00A631B1 /* LaunchScreen.storyboard */; };
		C7E55B74228E581B00A631B1 /* main.m in Sources */ = {isa = PBXBuildFile; fileRef = C7E55B73228E581B00A631B1 /* main.m */; };
		C7E55B7E228E581B00A631B1 /* GCD_DemoTests.m in Sources */ = {isa = PBXBuildFile; fileRef = C7E55B7D228E581B00A631B1 /* GCD_DemoTests.m */; };
		C7E55B89228E581B00A631B1 /* GCD_DemoUITests.m in Sources */ = {isa = PBXBuildFile; fileRef = C7E55B88228E581B00A631B1 /* GCD_DemoUITests.m */; };
		C7E55B98228E58AA00A631B1 /* RootViewController.m in Sources */ = {isa = PBXBuildFile; fileRef = C7E55B97228E58AA00A631B1 /* RootViewController.m */; };
		C7E55B9B228E58BC00A631B1 /* Test1ViewController.m in Sources */ = {isa = PBXBuildFile; fileRef = C7E55B9A228E58BB00A631B1 /* Test1ViewController.m */; };
		C7E55B9E228E596A00A631B1 /* Test4ViewController.m in Sources */ = {isa = PBXBuildFile; fileRef = C7E55B9D228E596A00A631B1 /* Test4ViewController.m */; };
		C7E55BA2229280D500A631B1 /* Test2ViewController.m in Sources */ = {isa = PBXBuildFile; fileRef = C7E55BA1229280D500A631B1 /* Test2ViewController.m */; };
		C7E55BA52292821C00A631B1 /* Test3ViewController.m in Sources */ = {isa = PBXBuildFile; fileRef = C7E55BA42292821C00A631B1 /* Test3ViewController.m */; };
		C7E55BA822928EDF00A631B1 /* Test5ViewController.m in Sources */ = {isa = PBXBuildFile; fileRef = C7E55BA722928EDF00A631B1 /* Test5ViewController.m */; };
		C7E55BAD2292907100A631B1 /* Test6ViewController.m in Sources */ = {isa = PBXBuildFile; fileRef = C7E55BAC2292907100A631B1 /* Test6ViewController.m */; };
		C7E55BB02292907D00A631B1 /* Test7ViewController.m in Sources */ = {isa = PBXBuildFile; fileRef = C7E55BAF2292907D00A631B1 /* Test7ViewController.m */; };
		C7E55BB32292909500A631B1 /* Test8ViewController.m in Sources */ = {isa = PBXBuildFile; fileRef = C7E55BB22292909500A631B1 /* Test8ViewController.m */; };
		C7E55BB6229290A000A631B1 /* Test9ViewController.m in Sources */ = {isa = PBXBuildFile; fileRef = C7E55BB5229290A000A631B1 /* Test9ViewController.m */; };
		C7E55BB9229290AF00A631B1 /* Test10ViewController.m in Sources */ = {isa = PBXBuildFile; fileRef = C7E55BB8229290AF00A631B1 /* Test10ViewController.m */; };
		C7E55BC22292969600A631B1 /* TestTicket.m in Sources */ = {isa = PBXBuildFile; fileRef = C7E55BC12292969600A631B1 /* TestTicket.m */; };
		C7E55BC72292CA9500A631B1 /* Test11ViewController.m in Sources */ = {isa = PBXBuildFile; fileRef = C7E55BC62292CA9500A631B1 /* Test11ViewController.m */; };
		C7E55BCB2292CD5B00A631B1 /* Test12ViewController.m in Sources */ = {isa = PBXBuildFile; fileRef = C7E55BCA2292CD5B00A631B1 /* Test12ViewController.m */; };
		C7E55BCF2292DA6000A631B1 /* Test13ViewController.m in Sources */ = {isa = PBXBuildFile; fileRef = C7E55BCE2292DA6000A631B1 /* Test13ViewController.m */; };
		C7E55BD32292DE8200A631B1 /* Test14ViewController.m in Sources */ = {isa = PBXBuildFile; fileRef = C7E55BD22292DE8200A631B1 /* Test14ViewController.m */; };
		C7E55BD62292DEA300A631B1 /* Test15ViewController.m in Sources */ = {isa = PBXBuildFile; fileRef = C7E55BD52292DEA300A631B1 /* Test15ViewController.m */; };
		C7E55BDC2292E36C00A631B1 /* Test17ViewController.m in Sources */ = {isa = PBXBuildFile; fileRef = C7E55BDB2292E36C00A631B1 /* Test17ViewController.m */; };
		C7E55BDF2292EA5500A631B1 /* Test16ViewController.m in Sources */ = {isa = PBXBuildFile; fileRef = C7E55BDE2292EA5500A631B1 /* Test16ViewController.m */; };
		C7E55BE22292EAC400A631B1 /* Test18ViewController.m in Sources */ = {isa = PBXBuildFile; fileRef = C7E55BE12292EAC400A631B1 /* Test18ViewController.m */; };
		C7E55BE52292EACD00A631B1 /* Test19ViewController.m in Sources */ = {isa = PBXBuildFile; fileRef = C7E55BE42292EACD00A631B1 /* Test19ViewController.m */; };
		C7E55BF02293F2F700A631B1 /* TicketDemo.m in Sources */ = {isa = PBXBuildFile; fileRef = C7E55BEF2293F2F700A631B1 /* TicketDemo.m */; };
		C7E55BF32293F51A00A631B1 /* SynchronizedTicketDemo.m in Sources */ = {isa = PBXBuildFile; fileRef = C7E55BF22293F51A00A631B1 /* SynchronizedTicketDemo.m */; };
		C7E55BF62293F76600A631B1 /* OSSpinLockDemo.m in Sources */ = {isa = PBXBuildFile; fileRef = C7E55BF52293F76600A631B1 /* OSSpinLockDemo.m */; };
		C7E55BF9229402FB00A631B1 /* os_unfair_lockDemo.m in Sources */ = {isa = PBXBuildFile; fileRef = C7E55BF8229402FB00A631B1 /* os_unfair_lockDemo.m */; };
		C7E55BFC22940CFF00A631B1 /* pthread_mutexDemo.m in Sources */ = {isa = PBXBuildFile; fileRef = C7E55BFB22940CFF00A631B1 /* pthread_mutexDemo.m */; };
/* End PBXBuildFile section */

/* Begin PBXContainerItemProxy section */
		C7E55B7A228E581B00A631B1 /* PBXContainerItemProxy */ = {
			isa = PBXContainerItemProxy;
			containerPortal = C7E55B59228E581A00A631B1 /* Project object */;
			proxyType = 1;
			remoteGlobalIDString = C7E55B60228E581A00A631B1;
			remoteInfo = "GCD-Demo";
		};
		C7E55B85228E581B00A631B1 /* PBXContainerItemProxy */ = {
			isa = PBXContainerItemProxy;
			containerPortal = C7E55B59228E581A00A631B1 /* Project object */;
			proxyType = 1;
			remoteGlobalIDString = C7E55B60228E581A00A631B1;
			remoteInfo = "GCD-Demo";
		};
/* End PBXContainerItemProxy section */

/* Begin PBXFileReference section */
		C7E55B61228E581A00A631B1 /* GCD-Demo.app */ = {isa = PBXFileReference; explicitFileType = wrapper.application; includeInIndex = 0; path = "GCD-Demo.app"; sourceTree = BUILT_PRODUCTS_DIR; };
		C7E55B64228E581A00A631B1 /* AppDelegate.h */ = {isa = PBXFileReference; lastKnownFileType = sourcecode.c.h; path = AppDelegate.h; sourceTree = "<group>"; };
		C7E55B65228E581A00A631B1 /* AppDelegate.m */ = {isa = PBXFileReference; lastKnownFileType = sourcecode.c.objc; path = AppDelegate.m; sourceTree = "<group>"; };
		C7E55B6B228E581A00A631B1 /* Base */ = {isa = PBXFileReference; lastKnownFileType = file.storyboard; name = Base; path = Base.lproj/Main.storyboard; sourceTree = "<group>"; };
		C7E55B6D228E581B00A631B1 /* Assets.xcassets */ = {isa = PBXFileReference; lastKnownFileType = folder.assetcatalog; path = Assets.xcassets; sourceTree = "<group>"; };
		C7E55B70228E581B00A631B1 /* Base */ = {isa = PBXFileReference; lastKnownFileType = file.storyboard; name = Base; path = Base.lproj/LaunchScreen.storyboard; sourceTree = "<group>"; };
		C7E55B72228E581B00A631B1 /* Info.plist */ = {isa = PBXFileReference; lastKnownFileType = text.plist.xml; path = Info.plist; sourceTree = "<group>"; };
		C7E55B73228E581B00A631B1 /* main.m */ = {isa = PBXFileReference; lastKnownFileType = sourcecode.c.objc; path = main.m; sourceTree = "<group>"; };
		C7E55B79228E581B00A631B1 /* GCD-DemoTests.xctest */ = {isa = PBXFileReference; explicitFileType = wrapper.cfbundle; includeInIndex = 0; path = "GCD-DemoTests.xctest"; sourceTree = BUILT_PRODUCTS_DIR; };
		C7E55B7D228E581B00A631B1 /* GCD_DemoTests.m */ = {isa = PBXFileReference; lastKnownFileType = sourcecode.c.objc; path = GCD_DemoTests.m; sourceTree = "<group>"; };
		C7E55B7F228E581B00A631B1 /* Info.plist */ = {isa = PBXFileReference; lastKnownFileType = text.plist.xml; path = Info.plist; sourceTree = "<group>"; };
		C7E55B84228E581B00A631B1 /* GCD-DemoUITests.xctest */ = {isa = PBXFileReference; explicitFileType = wrapper.cfbundle; includeInIndex = 0; path = "GCD-DemoUITests.xctest"; sourceTree = BUILT_PRODUCTS_DIR; };
		C7E55B88228E581B00A631B1 /* GCD_DemoUITests.m */ = {isa = PBXFileReference; lastKnownFileType = sourcecode.c.objc; path = GCD_DemoUITests.m; sourceTree = "<group>"; };
		C7E55B8A228E581B00A631B1 /* Info.plist */ = {isa = PBXFileReference; lastKnownFileType = text.plist.xml; path = Info.plist; sourceTree = "<group>"; };
		C7E55B96228E58AA00A631B1 /* RootViewController.h */ = {isa = PBXFileReference; fileEncoding = 4; lastKnownFileType = sourcecode.c.h; path = RootViewController.h; sourceTree = "<group>"; };
		C7E55B97228E58AA00A631B1 /* RootViewController.m */ = {isa = PBXFileReference; fileEncoding = 4; lastKnownFileType = sourcecode.c.objc; path = RootViewController.m; sourceTree = "<group>"; };
		C7E55B99228E58BB00A631B1 /* Test1ViewController.h */ = {isa = PBXFileReference; fileEncoding = 4; lastKnownFileType = sourcecode.c.h; path = Test1ViewController.h; sourceTree = "<group>"; };
		C7E55B9A228E58BB00A631B1 /* Test1ViewController.m */ = {isa = PBXFileReference; fileEncoding = 4; lastKnownFileType = sourcecode.c.objc; path = Test1ViewController.m; sourceTree = "<group>"; };
		C7E55B9C228E596A00A631B1 /* Test4ViewController.h */ = {isa = PBXFileReference; lastKnownFileType = sourcecode.c.h; path = Test4ViewController.h; sourceTree = "<group>"; };
		C7E55B9D228E596A00A631B1 /* Test4ViewController.m */ = {isa = PBXFileReference; lastKnownFileType = sourcecode.c.objc; path = Test4ViewController.m; sourceTree = "<group>"; };
		C7E55BA0229280D500A631B1 /* Test2ViewController.h */ = {isa = PBXFileReference; lastKnownFileType = sourcecode.c.h; path = Test2ViewController.h; sourceTree = "<group>"; };
		C7E55BA1229280D500A631B1 /* Test2ViewController.m */ = {isa = PBXFileReference; lastKnownFileType = sourcecode.c.objc; path = Test2ViewController.m; sourceTree = "<group>"; };
		C7E55BA32292821C00A631B1 /* Test3ViewController.h */ = {isa = PBXFileReference; lastKnownFileType = sourcecode.c.h; path = Test3ViewController.h; sourceTree = "<group>"; };
		C7E55BA42292821C00A631B1 /* Test3ViewController.m */ = {isa = PBXFileReference; lastKnownFileType = sourcecode.c.objc; path = Test3ViewController.m; sourceTree = "<group>"; };
		C7E55BA622928EDF00A631B1 /* Test5ViewController.h */ = {isa = PBXFileReference; lastKnownFileType = sourcecode.c.h; path = Test5ViewController.h; sourceTree = "<group>"; };
		C7E55BA722928EDF00A631B1 /* Test5ViewController.m */ = {isa = PBXFileReference; lastKnownFileType = sourcecode.c.objc; path = Test5ViewController.m; sourceTree = "<group>"; };
		C7E55BAB2292907100A631B1 /* Test6ViewController.h */ = {isa = PBXFileReference; lastKnownFileType = sourcecode.c.h; path = Test6ViewController.h; sourceTree = "<group>"; };
		C7E55BAC2292907100A631B1 /* Test6ViewController.m */ = {isa = PBXFileReference; lastKnownFileType = sourcecode.c.objc; path = Test6ViewController.m; sourceTree = "<group>"; };
		C7E55BAE2292907D00A631B1 /* Test7ViewController.h */ = {isa = PBXFileReference; lastKnownFileType = sourcecode.c.h; path = Test7ViewController.h; sourceTree = "<group>"; };
		C7E55BAF2292907D00A631B1 /* Test7ViewController.m */ = {isa = PBXFileReference; lastKnownFileType = sourcecode.c.objc; path = Test7ViewController.m; sourceTree = "<group>"; };
		C7E55BB12292909500A631B1 /* Test8ViewController.h */ = {isa = PBXFileReference; lastKnownFileType = sourcecode.c.h; path = Test8ViewController.h; sourceTree = "<group>"; };
		C7E55BB22292909500A631B1 /* Test8ViewController.m */ = {isa = PBXFileReference; lastKnownFileType = sourcecode.c.objc; path = Test8ViewController.m; sourceTree = "<group>"; };
		C7E55BB4229290A000A631B1 /* Test9ViewController.h */ = {isa = PBXFileReference; lastKnownFileType = sourcecode.c.h; path = Test9ViewController.h; sourceTree = "<group>"; };
		C7E55BB5229290A000A631B1 /* Test9ViewController.m */ = {isa = PBXFileReference; lastKnownFileType = sourcecode.c.objc; path = Test9ViewController.m; sourceTree = "<group>"; };
		C7E55BB7229290AF00A631B1 /* Test10ViewController.h */ = {isa = PBXFileReference; lastKnownFileType = sourcecode.c.h; path = Test10ViewController.h; sourceTree = "<group>"; };
		C7E55BB8229290AF00A631B1 /* Test10ViewController.m */ = {isa = PBXFileReference; lastKnownFileType = sourcecode.c.objc; path = Test10ViewController.m; sourceTree = "<group>"; };
		C7E55BC02292969600A631B1 /* TestTicket.h */ = {isa = PBXFileReference; lastKnownFileType = sourcecode.c.h; path = TestTicket.h; sourceTree = "<group>"; };
		C7E55BC12292969600A631B1 /* TestTicket.m */ = {isa = PBXFileReference; lastKnownFileType = sourcecode.c.objc; path = TestTicket.m; sourceTree = "<group>"; };
		C7E55BC52292CA9500A631B1 /* Test11ViewController.h */ = {isa = PBXFileReference; lastKnownFileType = sourcecode.c.h; path = Test11ViewController.h; sourceTree = "<group>"; };
		C7E55BC62292CA9500A631B1 /* Test11ViewController.m */ = {isa = PBXFileReference; lastKnownFileType = sourcecode.c.objc; path = Test11ViewController.m; sourceTree = "<group>"; };
		C7E55BC92292CD5B00A631B1 /* Test12ViewController.h */ = {isa = PBXFileReference; lastKnownFileType = sourcecode.c.h; path = Test12ViewController.h; sourceTree = "<group>"; };
		C7E55BCA2292CD5B00A631B1 /* Test12ViewController.m */ = {isa = PBXFileReference; lastKnownFileType = sourcecode.c.objc; path = Test12ViewController.m; sourceTree = "<group>"; };
		C7E55BCD2292DA6000A631B1 /* Test13ViewController.h */ = {isa = PBXFileReference; lastKnownFileType = sourcecode.c.h; path = Test13ViewController.h; sourceTree = "<group>"; };
		C7E55BCE2292DA6000A631B1 /* Test13ViewController.m */ = {isa = PBXFileReference; lastKnownFileType = sourcecode.c.objc; path = Test13ViewController.m; sourceTree = "<group>"; };
		C7E55BD12292DE8200A631B1 /* Test14ViewController.h */ = {isa = PBXFileReference; lastKnownFileType = sourcecode.c.h; path = Test14ViewController.h; sourceTree = "<group>"; };
		C7E55BD22292DE8200A631B1 /* Test14ViewController.m */ = {isa = PBXFileReference; lastKnownFileType = sourcecode.c.objc; path = Test14ViewController.m; sourceTree = "<group>"; };
		C7E55BD42292DEA300A631B1 /* Test15ViewController.h */ = {isa = PBXFileReference; lastKnownFileType = sourcecode.c.h; path = Test15ViewController.h; sourceTree = "<group>"; };
		C7E55BD52292DEA300A631B1 /* Test15ViewController.m */ = {isa = PBXFileReference; lastKnownFileType = sourcecode.c.objc; path = Test15ViewController.m; sourceTree = "<group>"; };
		C7E55BDA2292E36C00A631B1 /* Test17ViewController.h */ = {isa = PBXFileReference; lastKnownFileType = sourcecode.c.h; path = Test17ViewController.h; sourceTree = "<group>"; };
		C7E55BDB2292E36C00A631B1 /* Test17ViewController.m */ = {isa = PBXFileReference; lastKnownFileType = sourcecode.c.objc; path = Test17ViewController.m; sourceTree = "<group>"; };
		C7E55BDD2292EA5500A631B1 /* Test16ViewController.h */ = {isa = PBXFileReference; lastKnownFileType = sourcecode.c.h; path = Test16ViewController.h; sourceTree = "<group>"; };
		C7E55BDE2292EA5500A631B1 /* Test16ViewController.m */ = {isa = PBXFileReference; lastKnownFileType = sourcecode.c.objc; path = Test16ViewController.m; sourceTree = "<group>"; };
		C7E55BE02292EAC400A631B1 /* Test18ViewController.h */ = {isa = PBXFileReference; lastKnownFileType = sourcecode.c.h; path = Test18ViewController.h; sourceTree = "<group>"; };
		C7E55BE12292EAC400A631B1 /* Test18ViewController.m */ = {isa = PBXFileReference; lastKnownFileType = sourcecode.c.objc; path = Test18ViewController.m; sourceTree = "<group>"; };
		C7E55BE32292EACD00A631B1 /* Test19ViewController.h */ = {isa = PBXFileReference; lastKnownFileType = sourcecode.c.h; path = Test19ViewController.h; sourceTree = "<group>"; };
		C7E55BE42292EACD00A631B1 /* Test19ViewController.m */ = {isa = PBXFileReference; lastKnownFileType = sourcecode.c.objc; path = Test19ViewController.m; sourceTree = "<group>"; };
		C7E55BEE2293F2F700A631B1 /* TicketDemo.h */ = {isa = PBXFileReference; lastKnownFileType = sourcecode.c.h; path = TicketDemo.h; sourceTree = "<group>"; };
		C7E55BEF2293F2F700A631B1 /* TicketDemo.m */ = {isa = PBXFileReference; lastKnownFileType = sourcecode.c.objc; path = TicketDemo.m; sourceTree = "<group>"; };
		C7E55BF12293F51A00A631B1 /* SynchronizedTicketDemo.h */ = {isa = PBXFileReference; lastKnownFileType = sourcecode.c.h; path = SynchronizedTicketDemo.h; sourceTree = "<group>"; };
		C7E55BF22293F51A00A631B1 /* SynchronizedTicketDemo.m */ = {isa = PBXFileReference; lastKnownFileType = sourcecode.c.objc; path = SynchronizedTicketDemo.m; sourceTree = "<group>"; };
		C7E55BF42293F76600A631B1 /* OSSpinLockDemo.h */ = {isa = PBXFileReference; lastKnownFileType = sourcecode.c.h; path = OSSpinLockDemo.h; sourceTree = "<group>"; };
		C7E55BF52293F76600A631B1 /* OSSpinLockDemo.m */ = {isa = PBXFileReference; lastKnownFileType = sourcecode.c.objc; path = OSSpinLockDemo.m; sourceTree = "<group>"; };
		C7E55BF7229402FB00A631B1 /* os_unfair_lockDemo.h */ = {isa = PBXFileReference; lastKnownFileType = sourcecode.c.h; path = os_unfair_lockDemo.h; sourceTree = "<group>"; };
		C7E55BF8229402FB00A631B1 /* os_unfair_lockDemo.m */ = {isa = PBXFileReference; lastKnownFileType = sourcecode.c.objc; path = os_unfair_lockDemo.m; sourceTree = "<group>"; };
		C7E55BFA22940CFF00A631B1 /* pthread_mutexDemo.h */ = {isa = PBXFileReference; lastKnownFileType = sourcecode.c.h; path = pthread_mutexDemo.h; sourceTree = "<group>"; };
		C7E55BFB22940CFF00A631B1 /* pthread_mutexDemo.m */ = {isa = PBXFileReference; lastKnownFileType = sourcecode.c.objc; path = pthread_mutexDemo.m; sourceTree = "<group>"; };
/* End PBXFileReference section */

/* Begin PBXFrameworksBuildPhase section */
		C7E55B5E228E581A00A631B1 /* Frameworks */ = {
			isa = PBXFrameworksBuildPhase;
			buildActionMask = 2147483647;
			files = (
			);
			runOnlyForDeploymentPostprocessing = 0;
		};
		C7E55B76228E581B00A631B1 /* Frameworks */ = {
			isa = PBXFrameworksBuildPhase;
			buildActionMask = 2147483647;
			files = (
			);
			runOnlyForDeploymentPostprocessing = 0;
		};
		C7E55B81228E581B00A631B1 /* Frameworks */ = {
			isa = PBXFrameworksBuildPhase;
			buildActionMask = 2147483647;
			files = (
			);
			runOnlyForDeploymentPostprocessing = 0;
		};
/* End PBXFrameworksBuildPhase section */

/* Begin PBXGroup section */
		C7E55B58228E581A00A631B1 = {
			isa = PBXGroup;
			children = (
				C7E55B63228E581A00A631B1 /* GCD-Demo */,
				C7E55B7C228E581B00A631B1 /* GCD-DemoTests */,
				C7E55B87228E581B00A631B1 /* GCD-DemoUITests */,
				C7E55B62228E581A00A631B1 /* Products */,
			);
			sourceTree = "<group>";
		};
		C7E55B62228E581A00A631B1 /* Products */ = {
			isa = PBXGroup;
			children = (
				C7E55B61228E581A00A631B1 /* GCD-Demo.app */,
				C7E55B79228E581B00A631B1 /* GCD-DemoTests.xctest */,
				C7E55B84228E581B00A631B1 /* GCD-DemoUITests.xctest */,
			);
			name = Products;
			sourceTree = "<group>";
		};
		C7E55B63228E581A00A631B1 /* GCD-Demo */ = {
			isa = PBXGroup;
			children = (
				C7E55B64228E581A00A631B1 /* AppDelegate.h */,
				C7E55B65228E581A00A631B1 /* AppDelegate.m */,
				C7E55B96228E58AA00A631B1 /* RootViewController.h */,
				C7E55B97228E58AA00A631B1 /* RootViewController.m */,
				C7E55BC82292CB6B00A631B1 /* pthreads（互斥锁） */,
				C7E55BCC2292CD6300A631B1 /* NSThread */,
				C7E55BA92292903F00A631B1 /* GCD的任务和队列 */,
				C7E55BAA2292905100A631B1 /* 线程间通信 */,
				C7E55BBA2292913B00A631B1 /* 栅栏方法 */,
				C7E55BBB229291E800A631B1 /* 延时执行方法 */,
				C7E55BBD2292929000A631B1 /* 一次性代码 */,
				C7E55BBE2292931300A631B1 /* 快速迭代方法 */,
				C7E55BBF229293DB00A631B1 /* 队列组 */,
				C7E55BBC229291FB00A631B1 /* 信号量 */,
				C7E55BC3229298B500A631B1 /* 线程锁 */,
				C7E55BC42292B3AD00A631B1 /* 常见问题 */,
				C7E55BD02292DA6900A631B1 /* NSOperation */,
				C7E55B6D228E581B00A631B1 /* Assets.xcassets */,
				C7E55B6F228E581B00A631B1 /* LaunchScreen.storyboard */,
				C7E55B6A228E581A00A631B1 /* Main.storyboard */,
				C7E55B72228E581B00A631B1 /* Info.plist */,
				C7E55B73228E581B00A631B1 /* main.m */,
			);
			path = "GCD-Demo";
			sourceTree = "<group>";
		};
		C7E55B7C228E581B00A631B1 /* GCD-DemoTests */ = {
			isa = PBXGroup;
			children = (
				C7E55B7D228E581B00A631B1 /* GCD_DemoTests.m */,
				C7E55B7F228E581B00A631B1 /* Info.plist */,
			);
			path = "GCD-DemoTests";
			sourceTree = "<group>";
		};
		C7E55B87228E581B00A631B1 /* GCD-DemoUITests */ = {
			isa = PBXGroup;
			children = (
				C7E55B88228E581B00A631B1 /* GCD_DemoUITests.m */,
				C7E55B8A228E581B00A631B1 /* Info.plist */,
			);
			path = "GCD-DemoUITests";
			sourceTree = "<group>";
		};
		C7E55BA92292903F00A631B1 /* GCD的任务和队列 */ = {
			isa = PBXGroup;
			children = (
				C7E55B99228E58BB00A631B1 /* Test1ViewController.h */,
				C7E55B9A228E58BB00A631B1 /* Test1ViewController.m */,
			);
			path = "GCD的任务和队列";
			sourceTree = "<group>";
		};
		C7E55BAA2292905100A631B1 /* 线程间通信 */ = {
			isa = PBXGroup;
			children = (
				C7E55BA0229280D500A631B1 /* Test2ViewController.h */,
				C7E55BA1229280D500A631B1 /* Test2ViewController.m */,
			);
			path = "线程间通信";
			sourceTree = "<group>";
		};
		C7E55BBA2292913B00A631B1 /* 栅栏方法 */ = {
			isa = PBXGroup;
			children = (
				C7E55BA32292821C00A631B1 /* Test3ViewController.h */,
				C7E55BA42292821C00A631B1 /* Test3ViewController.m */,
			);
			path = "栅栏方法";
			sourceTree = "<group>";
		};
		C7E55BBB229291E800A631B1 /* 延时执行方法 */ = {
			isa = PBXGroup;
			children = (
				C7E55B9C228E596A00A631B1 /* Test4ViewController.h */,
				C7E55B9D228E596A00A631B1 /* Test4ViewController.m */,
			);
			path = "延时执行方法";
			sourceTree = "<group>";
		};
		C7E55BBC229291FB00A631B1 /* 信号量 */ = {
			isa = PBXGroup;
			children = (
				C7E55BA622928EDF00A631B1 /* Test5ViewController.h */,
				C7E55BA722928EDF00A631B1 /* Test5ViewController.m */,
			);
			path = "信号量";
			sourceTree = "<group>";
		};
		C7E55BBD2292929000A631B1 /* 一次性代码 */ = {
			isa = PBXGroup;
			children = (
				C7E55BAB2292907100A631B1 /* Test6ViewController.h */,
				C7E55BAC2292907100A631B1 /* Test6ViewController.m */,
			);
			path = "一次性代码";
			sourceTree = "<group>";
		};
		C7E55BBE2292931300A631B1 /* 快速迭代方法 */ = {
			isa = PBXGroup;
			children = (
				C7E55BAE2292907D00A631B1 /* Test7ViewController.h */,
				C7E55BAF2292907D00A631B1 /* Test7ViewController.m */,
			);
			path = "快速迭代方法";
			sourceTree = "<group>";
		};
		C7E55BBF229293DB00A631B1 /* 队列组 */ = {
			isa = PBXGroup;
			children = (
				C7E55BB12292909500A631B1 /* Test8ViewController.h */,
				C7E55BB22292909500A631B1 /* Test8ViewController.m */,
			);
			path = "队列组";
			sourceTree = "<group>";
		};
		C7E55BC3229298B500A631B1 /* 线程锁 */ = {
			isa = PBXGroup;
			children = (
				C7E55BB4229290A000A631B1 /* Test9ViewController.h */,
				C7E55BB5229290A000A631B1 /* Test9ViewController.m */,
				C7E55BC02292969600A631B1 /* TestTicket.h */,
				C7E55BC12292969600A631B1 /* TestTicket.m */,
				C7E55BEE2293F2F700A631B1 /* TicketDemo.h */,
				C7E55BEF2293F2F700A631B1 /* TicketDemo.m */,
				C7E55BF42293F76600A631B1 /* OSSpinLockDemo.h */,
				C7E55BF52293F76600A631B1 /* OSSpinLockDemo.m */,
				C7E55BF7229402FB00A631B1 /* os_unfair_lockDemo.h */,
				C7E55BF8229402FB00A631B1 /* os_unfair_lockDemo.m */,
				C7E55BFA22940CFF00A631B1 /* pthread_mutexDemo.h */,
				C7E55BFB22940CFF00A631B1 /* pthread_mutexDemo.m */,
				C7E55BF12293F51A00A631B1 /* SynchronizedTicketDemo.h */,
				C7E55BF22293F51A00A631B1 /* SynchronizedTicketDemo.m */,
			);
			path = "线程锁";
			sourceTree = "<group>";
		};
		C7E55BC42292B3AD00A631B1 /* 常见问题 */ = {
			isa = PBXGroup;
			children = (
				C7E55BB7229290AF00A631B1 /* Test10ViewController.h */,
				C7E55BB8229290AF00A631B1 /* Test10ViewController.m */,
			);
			path = "常见问题";
			sourceTree = "<group>";
		};
		C7E55BC82292CB6B00A631B1 /* pthreads（互斥锁） */ = {
			isa = PBXGroup;
			children = (
				C7E55BC52292CA9500A631B1 /* Test11ViewController.h */,
				C7E55BC62292CA9500A631B1 /* Test11ViewController.m */,
			);
			path = "pthreads（互斥锁）";
			sourceTree = "<group>";
		};
		C7E55BCC2292CD6300A631B1 /* NSThread */ = {
			isa = PBXGroup;
			children = (
				C7E55BC92292CD5B00A631B1 /* Test12ViewController.h */,
				C7E55BCA2292CD5B00A631B1 /* Test12ViewController.m */,
			);
			path = NSThread;
			sourceTree = "<group>";
		};
		C7E55BD02292DA6900A631B1 /* NSOperation */ = {
			isa = PBXGroup;
			children = (
				C7E55BD72292E19100A631B1 /* NSInvocationOperation */,
				C7E55BD82292E19B00A631B1 /* NSBlockOperation */,
				C7E55BD92292E1A000A631B1 /* 自定义 */,
				C7E55BE62292EAE800A631B1 /* NSOperationQueue */,
			);
			path = NSOperation;
			sourceTree = "<group>";
		};
		C7E55BD72292E19100A631B1 /* NSInvocationOperation */ = {
			isa = PBXGroup;
			children = (
				C7E55BCD2292DA6000A631B1 /* Test13ViewController.h */,
				C7E55BCE2292DA6000A631B1 /* Test13ViewController.m */,
			);
			path = NSInvocationOperation;
			sourceTree = "<group>";
		};
		C7E55BD82292E19B00A631B1 /* NSBlockOperation */ = {
			isa = PBXGroup;
			children = (
				C7E55BD12292DE8200A631B1 /* Test14ViewController.h */,
				C7E55BD22292DE8200A631B1 /* Test14ViewController.m */,
			);
			path = NSBlockOperation;
			sourceTree = "<group>";
		};
		C7E55BD92292E1A000A631B1 /* 自定义 */ = {
			isa = PBXGroup;
			children = (
				C7E55BD42292DEA300A631B1 /* Test15ViewController.h */,
				C7E55BD52292DEA300A631B1 /* Test15ViewController.m */,
			);
			path = "自定义";
			sourceTree = "<group>";
		};
		C7E55BE62292EAE800A631B1 /* NSOperationQueue */ = {
			isa = PBXGroup;
			children = (
				C7E55BE72293A27A00A631B1 /* 最大并发数 */,
				C7E55BE82293A5DB00A631B1 /* 线程的挂起 */,
				C7E55BE92293A67600A631B1 /* 取消操作 */,
				C7E55BEA2293A73C00A631B1 /* 依赖 */,
			);
			path = NSOperationQueue;
			sourceTree = "<group>";
		};
		C7E55BE72293A27A00A631B1 /* 最大并发数 */ = {
			isa = PBXGroup;
			children = (
				C7E55BDD2292EA5500A631B1 /* Test16ViewController.h */,
				C7E55BDE2292EA5500A631B1 /* Test16ViewController.m */,
			);
			path = "最大并发数";
			sourceTree = "<group>";
		};
		C7E55BE82293A5DB00A631B1 /* 线程的挂起 */ = {
			isa = PBXGroup;
			children = (
				C7E55BDA2292E36C00A631B1 /* Test17ViewController.h */,
				C7E55BDB2292E36C00A631B1 /* Test17ViewController.m */,
			);
			path = "线程的挂起";
			sourceTree = "<group>";
		};
		C7E55BE92293A67600A631B1 /* 取消操作 */ = {
			isa = PBXGroup;
			children = (
				C7E55BE02292EAC400A631B1 /* Test18ViewController.h */,
				C7E55BE12292EAC400A631B1 /* Test18ViewController.m */,
			);
			path = "取消操作";
			sourceTree = "<group>";
		};
		C7E55BEA2293A73C00A631B1 /* 依赖 */ = {
			isa = PBXGroup;
			children = (
				C7E55BE32292EACD00A631B1 /* Test19ViewController.h */,
				C7E55BE42292EACD00A631B1 /* Test19ViewController.m */,
			);
			path = "依赖";
			sourceTree = "<group>";
		};
/* End PBXGroup section */

/* Begin PBXNativeTarget section */
		C7E55B60228E581A00A631B1 /* GCD-Demo */ = {
			isa = PBXNativeTarget;
			buildConfigurationList = C7E55B8D228E581B00A631B1 /* Build configuration list for PBXNativeTarget "GCD-Demo" */;
			buildPhases = (
				C7E55B5D228E581A00A631B1 /* Sources */,
				C7E55B5E228E581A00A631B1 /* Frameworks */,
				C7E55B5F228E581A00A631B1 /* Resources */,
			);
			buildRules = (
			);
			dependencies = (
			);
			name = "GCD-Demo";
			productName = "GCD-Demo";
			productReference = C7E55B61228E581A00A631B1 /* GCD-Demo.app */;
			productType = "com.apple.product-type.application";
		};
		C7E55B78228E581B00A631B1 /* GCD-DemoTests */ = {
			isa = PBXNativeTarget;
			buildConfigurationList = C7E55B90228E581B00A631B1 /* Build configuration list for PBXNativeTarget "GCD-DemoTests" */;
			buildPhases = (
				C7E55B75228E581B00A631B1 /* Sources */,
				C7E55B76228E581B00A631B1 /* Frameworks */,
				C7E55B77228E581B00A631B1 /* Resources */,
			);
			buildRules = (
			);
			dependencies = (
				C7E55B7B228E581B00A631B1 /* PBXTargetDependency */,
			);
			name = "GCD-DemoTests";
			productName = "GCD-DemoTests";
			productReference = C7E55B79228E581B00A631B1 /* GCD-DemoTests.xctest */;
			productType = "com.apple.product-type.bundle.unit-test";
		};
		C7E55B83228E581B00A631B1 /* GCD-DemoUITests */ = {
			isa = PBXNativeTarget;
			buildConfigurationList = C7E55B93228E581B00A631B1 /* Build configuration list for PBXNativeTarget "GCD-DemoUITests" */;
			buildPhases = (
				C7E55B80228E581B00A631B1 /* Sources */,
				C7E55B81228E581B00A631B1 /* Frameworks */,
				C7E55B82228E581B00A631B1 /* Resources */,
			);
			buildRules = (
			);
			dependencies = (
				C7E55B86228E581B00A631B1 /* PBXTargetDependency */,
			);
			name = "GCD-DemoUITests";
			productName = "GCD-DemoUITests";
			productReference = C7E55B84228E581B00A631B1 /* GCD-DemoUITests.xctest */;
			productType = "com.apple.product-type.bundle.ui-testing";
		};
/* End PBXNativeTarget section */

/* Begin PBXProject section */
		C7E55B59228E581A00A631B1 /* Project object */ = {
			isa = PBXProject;
			attributes = {
				LastUpgradeCheck = 1010;
				ORGANIZATIONNAME = "王泽龙";
				TargetAttributes = {
					C7E55B60228E581A00A631B1 = {
						CreatedOnToolsVersion = 10.1;
					};
					C7E55B78228E581B00A631B1 = {
						CreatedOnToolsVersion = 10.1;
						TestTargetID = C7E55B60228E581A00A631B1;
					};
					C7E55B83228E581B00A631B1 = {
						CreatedOnToolsVersion = 10.1;
						TestTargetID = C7E55B60228E581A00A631B1;
					};
				};
			};
			buildConfigurationList = C7E55B5C228E581A00A631B1 /* Build configuration list for PBXProject "GCD-Demo" */;
			compatibilityVersion = "Xcode 9.3";
			developmentRegion = en;
			hasScannedForEncodings = 0;
			knownRegions = (
				en,
				Base,
			);
			mainGroup = C7E55B58228E581A00A631B1;
			productRefGroup = C7E55B62228E581A00A631B1 /* Products */;
			projectDirPath = "";
			projectRoot = "";
			targets = (
				C7E55B60228E581A00A631B1 /* GCD-Demo */,
				C7E55B78228E581B00A631B1 /* GCD-DemoTests */,
				C7E55B83228E581B00A631B1 /* GCD-DemoUITests */,
			);
		};
/* End PBXProject section */

/* Begin PBXResourcesBuildPhase section */
		C7E55B5F228E581A00A631B1 /* Resources */ = {
			isa = PBXResourcesBuildPhase;
			buildActionMask = 2147483647;
			files = (
				C7E55B71228E581B00A631B1 /* LaunchScreen.storyboard in Resources */,
				C7E55B6E228E581B00A631B1 /* Assets.xcassets in Resources */,
				C7E55B6C228E581A00A631B1 /* Main.storyboard in Resources */,
			);
			runOnlyForDeploymentPostprocessing = 0;
		};
		C7E55B77228E581B00A631B1 /* Resources */ = {
			isa = PBXResourcesBuildPhase;
			buildActionMask = 2147483647;
			files = (
			);
			runOnlyForDeploymentPostprocessing = 0;
		};
		C7E55B82228E581B00A631B1 /* Resources */ = {
			isa = PBXResourcesBuildPhase;
			buildActionMask = 2147483647;
			files = (
			);
			runOnlyForDeploymentPostprocessing = 0;
		};
/* End PBXResourcesBuildPhase section */

/* Begin PBXSourcesBuildPhase section */
		C7E55B5D228E581A00A631B1 /* Sources */ = {
			isa = PBXSourcesBuildPhase;
			buildActionMask = 2147483647;
			files = (
				C7E55BF32293F51A00A631B1 /* SynchronizedTicketDemo.m in Sources */,
				C7E55B9B228E58BC00A631B1 /* Test1ViewController.m in Sources */,
				C7E55BFC22940CFF00A631B1 /* pthread_mutexDemo.m in Sources */,
				C7E55BF62293F76600A631B1 /* OSSpinLockDemo.m in Sources */,
				C7E55BC72292CA9500A631B1 /* Test11ViewController.m in Sources */,
				C7E55B9E228E596A00A631B1 /* Test4ViewController.m in Sources */,
				C7E55BE52292EACD00A631B1 /* Test19ViewController.m in Sources */,
				C7E55BCB2292CD5B00A631B1 /* Test12ViewController.m in Sources */,
				C7E55BB9229290AF00A631B1 /* Test10ViewController.m in Sources */,
				C7E55BE22292EAC400A631B1 /* Test18ViewController.m in Sources */,
				C7E55BA52292821C00A631B1 /* Test3ViewController.m in Sources */,
				C7E55B74228E581B00A631B1 /* main.m in Sources */,
				C7E55BC22292969600A631B1 /* TestTicket.m in Sources */,
				C7E55BB6229290A000A631B1 /* Test9ViewController.m in Sources */,
				C7E55BA822928EDF00A631B1 /* Test5ViewController.m in Sources */,
				C7E55BCF2292DA6000A631B1 /* Test13ViewController.m in Sources */,
				C7E55BDC2292E36C00A631B1 /* Test17ViewController.m in Sources */,
				C7E55BA2229280D500A631B1 /* Test2ViewController.m in Sources */,
				C7E55BD62292DEA300A631B1 /* Test15ViewController.m in Sources */,
				C7E55BB32292909500A631B1 /* Test8ViewController.m in Sources */,
				C7E55BF02293F2F700A631B1 /* TicketDemo.m in Sources */,
				C7E55BD32292DE8200A631B1 /* Test14ViewController.m in Sources */,
				C7E55BB02292907D00A631B1 /* Test7ViewController.m in Sources */,
				C7E55BAD2292907100A631B1 /* Test6ViewController.m in Sources */,
				C7E55B98228E58AA00A631B1 /* RootViewController.m in Sources */,
				C7E55BDF2292EA5500A631B1 /* Test16ViewController.m in Sources */,
				C7E55BF9229402FB00A631B1 /* os_unfair_lockDemo.m in Sources */,
				C7E55B66228E581A00A631B1 /* AppDelegate.m in Sources */,
			);
			runOnlyForDeploymentPostprocessing = 0;
		};
		C7E55B75228E581B00A631B1 /* Sources */ = {
			isa = PBXSourcesBuildPhase;
			buildActionMask = 2147483647;
			files = (
				C7E55B7E228E581B00A631B1 /* GCD_DemoTests.m in Sources */,
			);
			runOnlyForDeploymentPostprocessing = 0;
		};
		C7E55B80228E581B00A631B1 /* Sources */ = {
			isa = PBXSourcesBuildPhase;
			buildActionMask = 2147483647;
			files = (
				C7E55B89228E581B00A631B1 /* GCD_DemoUITests.m in Sources */,
			);
			runOnlyForDeploymentPostprocessing = 0;
		};
/* End PBXSourcesBuildPhase section */

/* Begin PBXTargetDependency section */
		C7E55B7B228E581B00A631B1 /* PBXTargetDependency */ = {
			isa = PBXTargetDependency;
			target = C7E55B60228E581A00A631B1 /* GCD-Demo */;
			targetProxy = C7E55B7A228E581B00A631B1 /* PBXContainerItemProxy */;
		};
		C7E55B86228E581B00A631B1 /* PBXTargetDependency */ = {
			isa = PBXTargetDependency;
			target = C7E55B60228E581A00A631B1 /* GCD-Demo */;
			targetProxy = C7E55B85228E581B00A631B1 /* PBXContainerItemProxy */;
		};
/* End PBXTargetDependency section */

/* Begin PBXVariantGroup section */
		C7E55B6A228E581A00A631B1 /* Main.storyboard */ = {
			isa = PBXVariantGroup;
			children = (
				C7E55B6B228E581A00A631B1 /* Base */,
			);
			name = Main.storyboard;
			sourceTree = "<group>";
		};
		C7E55B6F228E581B00A631B1 /* LaunchScreen.storyboard */ = {
			isa = PBXVariantGroup;
			children = (
				C7E55B70228E581B00A631B1 /* Base */,
			);
			name = LaunchScreen.storyboard;
			sourceTree = "<group>";
		};
/* End PBXVariantGroup section */

/* Begin XCBuildConfiguration section */
		C7E55B8B228E581B00A631B1 /* Debug */ = {
			isa = XCBuildConfiguration;
			buildSettings = {
				ALWAYS_SEARCH_USER_PATHS = NO;
				CLANG_ANALYZER_NONNULL = YES;
				CLANG_ANALYZER_NUMBER_OBJECT_CONVERSION = YES_AGGRESSIVE;
				CLANG_CXX_LANGUAGE_STANDARD = "gnu++14";
				CLANG_CXX_LIBRARY = "libc++";
				CLANG_ENABLE_MODULES = YES;
				CLANG_ENABLE_OBJC_ARC = YES;
				CLANG_ENABLE_OBJC_WEAK = YES;
				CLANG_WARN_BLOCK_CAPTURE_AUTORELEASING = YES;
				CLANG_WARN_BOOL_CONVERSION = YES;
				CLANG_WARN_COMMA = YES;
				CLANG_WARN_CONSTANT_CONVERSION = YES;
				CLANG_WARN_DEPRECATED_OBJC_IMPLEMENTATIONS = YES;
				CLANG_WARN_DIRECT_OBJC_ISA_USAGE = YES_ERROR;
				CLANG_WARN_DOCUMENTATION_COMMENTS = YES;
				CLANG_WARN_EMPTY_BODY = YES;
				CLANG_WARN_ENUM_CONVERSION = YES;
				CLANG_WARN_INFINITE_RECURSION = YES;
				CLANG_WARN_INT_CONVERSION = YES;
				CLANG_WARN_NON_LITERAL_NULL_CONVERSION = YES;
				CLANG_WARN_OBJC_IMPLICIT_RETAIN_SELF = YES;
				CLANG_WARN_OBJC_LITERAL_CONVERSION = YES;
				CLANG_WARN_OBJC_ROOT_CLASS = YES_ERROR;
				CLANG_WARN_RANGE_LOOP_ANALYSIS = YES;
				CLANG_WARN_STRICT_PROTOTYPES = YES;
				CLANG_WARN_SUSPICIOUS_MOVE = YES;
				CLANG_WARN_UNGUARDED_AVAILABILITY = YES_AGGRESSIVE;
				CLANG_WARN_UNREACHABLE_CODE = YES;
				CLANG_WARN__DUPLICATE_METHOD_MATCH = YES;
				CODE_SIGN_IDENTITY = "iPhone Developer";
				COPY_PHASE_STRIP = NO;
				DEBUG_INFORMATION_FORMAT = dwarf;
				ENABLE_STRICT_OBJC_MSGSEND = YES;
				ENABLE_TESTABILITY = YES;
				GCC_C_LANGUAGE_STANDARD = gnu11;
				GCC_DYNAMIC_NO_PIC = NO;
				GCC_NO_COMMON_BLOCKS = YES;
				GCC_OPTIMIZATION_LEVEL = 0;
				GCC_PREPROCESSOR_DEFINITIONS = (
					"DEBUG=1",
					"$(inherited)",
				);
				GCC_WARN_64_TO_32_BIT_CONVERSION = YES;
				GCC_WARN_ABOUT_RETURN_TYPE = YES_ERROR;
				GCC_WARN_UNDECLARED_SELECTOR = YES;
				GCC_WARN_UNINITIALIZED_AUTOS = YES_AGGRESSIVE;
				GCC_WARN_UNUSED_FUNCTION = YES;
				GCC_WARN_UNUSED_VARIABLE = YES;
				IPHONEOS_DEPLOYMENT_TARGET = 12.1;
				MTL_ENABLE_DEBUG_INFO = INCLUDE_SOURCE;
				MTL_FAST_MATH = YES;
				ONLY_ACTIVE_ARCH = YES;
				SDKROOT = iphoneos;
			};
			name = Debug;
		};
		C7E55B8C228E581B00A631B1 /* Release */ = {
			isa = XCBuildConfiguration;
			buildSettings = {
				ALWAYS_SEARCH_USER_PATHS = NO;
				CLANG_ANALYZER_NONNULL = YES;
				CLANG_ANALYZER_NUMBER_OBJECT_CONVERSION = YES_AGGRESSIVE;
				CLANG_CXX_LANGUAGE_STANDARD = "gnu++14";
				CLANG_CXX_LIBRARY = "libc++";
				CLANG_ENABLE_MODULES = YES;
				CLANG_ENABLE_OBJC_ARC = YES;
				CLANG_ENABLE_OBJC_WEAK = YES;
				CLANG_WARN_BLOCK_CAPTURE_AUTORELEASING = YES;
				CLANG_WARN_BOOL_CONVERSION = YES;
				CLANG_WARN_COMMA = YES;
				CLANG_WARN_CONSTANT_CONVERSION = YES;
				CLANG_WARN_DEPRECATED_OBJC_IMPLEMENTATIONS = YES;
				CLANG_WARN_DIRECT_OBJC_ISA_USAGE = YES_ERROR;
				CLANG_WARN_DOCUMENTATION_COMMENTS = YES;
				CLANG_WARN_EMPTY_BODY = YES;
				CLANG_WARN_ENUM_CONVERSION = YES;
				CLANG_WARN_INFINITE_RECURSION = YES;
				CLANG_WARN_INT_CONVERSION = YES;
				CLANG_WARN_NON_LITERAL_NULL_CONVERSION = YES;
				CLANG_WARN_OBJC_IMPLICIT_RETAIN_SELF = YES;
				CLANG_WARN_OBJC_LITERAL_CONVERSION = YES;
				CLANG_WARN_OBJC_ROOT_CLASS = YES_ERROR;
				CLANG_WARN_RANGE_LOOP_ANALYSIS = YES;
				CLANG_WARN_STRICT_PROTOTYPES = YES;
				CLANG_WARN_SUSPICIOUS_MOVE = YES;
				CLANG_WARN_UNGUARDED_AVAILABILITY = YES_AGGRESSIVE;
				CLANG_WARN_UNREACHABLE_CODE = YES;
				CLANG_WARN__DUPLICATE_METHOD_MATCH = YES;
				CODE_SIGN_IDENTITY = "iPhone Developer";
				COPY_PHASE_STRIP = NO;
				DEBUG_INFORMATION_FORMAT = "dwarf-with-dsym";
				ENABLE_NS_ASSERTIONS = NO;
				ENABLE_STRICT_OBJC_MSGSEND = YES;
				GCC_C_LANGUAGE_STANDARD = gnu11;
				GCC_NO_COMMON_BLOCKS = YES;
				GCC_WARN_64_TO_32_BIT_CONVERSION = YES;
				GCC_WARN_ABOUT_RETURN_TYPE = YES_ERROR;
				GCC_WARN_UNDECLARED_SELECTOR = YES;
				GCC_WARN_UNINITIALIZED_AUTOS = YES_AGGRESSIVE;
				GCC_WARN_UNUSED_FUNCTION = YES;
				GCC_WARN_UNUSED_VARIABLE = YES;
				IPHONEOS_DEPLOYMENT_TARGET = 12.1;
				MTL_ENABLE_DEBUG_INFO = NO;
				MTL_FAST_MATH = YES;
				SDKROOT = iphoneos;
				VALIDATE_PRODUCT = YES;
			};
			name = Release;
		};
		C7E55B8E228E581B00A631B1 /* Debug */ = {
			isa = XCBuildConfiguration;
			buildSettings = {
				ASSETCATALOG_COMPILER_APPICON_NAME = AppIcon;
				CODE_SIGN_STYLE = Automatic;
				INFOPLIST_FILE = "GCD-Demo/Info.plist";
				LD_RUNPATH_SEARCH_PATHS = (
					"$(inherited)",
					"@executable_path/Frameworks",
				);
				PRODUCT_BUNDLE_IDENTIFIER = "xiaoyaoknight.GCD-Demo";
				PRODUCT_NAME = "$(TARGET_NAME)";
				TARGETED_DEVICE_FAMILY = "1,2";
			};
			name = Debug;
		};
		C7E55B8F228E581B00A631B1 /* Release */ = {
			isa = XCBuildConfiguration;
			buildSettings = {
				ASSETCATALOG_COMPILER_APPICON_NAME = AppIcon;
				CODE_SIGN_STYLE = Automatic;
				INFOPLIST_FILE = "GCD-Demo/Info.plist";
				LD_RUNPATH_SEARCH_PATHS = (
					"$(inherited)",
					"@executable_path/Frameworks",
				);
				PRODUCT_BUNDLE_IDENTIFIER = "xiaoyaoknight.GCD-Demo";
				PRODUCT_NAME = "$(TARGET_NAME)";
				TARGETED_DEVICE_FAMILY = "1,2";
			};
			name = Release;
		};
		C7E55B91228E581B00A631B1 /* Debug */ = {
			isa = XCBuildConfiguration;
			buildSettings = {
				BUNDLE_LOADER = "$(TEST_HOST)";
				CODE_SIGN_STYLE = Automatic;
				INFOPLIST_FILE = "GCD-DemoTests/Info.plist";
				LD_RUNPATH_SEARCH_PATHS = (
					"$(inherited)",
					"@executable_path/Frameworks",
					"@loader_path/Frameworks",
				);
				PRODUCT_BUNDLE_IDENTIFIER = "xiaoyaoknight.GCD-DemoTests";
				PRODUCT_NAME = "$(TARGET_NAME)";
				TARGETED_DEVICE_FAMILY = "1,2";
				TEST_HOST = "$(BUILT_PRODUCTS_DIR)/GCD-Demo.app/GCD-Demo";
			};
			name = Debug;
		};
		C7E55B92228E581B00A631B1 /* Release */ = {
			isa = XCBuildConfiguration;
			buildSettings = {
				BUNDLE_LOADER = "$(TEST_HOST)";
				CODE_SIGN_STYLE = Automatic;
				INFOPLIST_FILE = "GCD-DemoTests/Info.plist";
				LD_RUNPATH_SEARCH_PATHS = (
					"$(inherited)",
					"@executable_path/Frameworks",
					"@loader_path/Frameworks",
				);
				PRODUCT_BUNDLE_IDENTIFIER = "xiaoyaoknight.GCD-DemoTests";
				PRODUCT_NAME = "$(TARGET_NAME)";
				TARGETED_DEVICE_FAMILY = "1,2";
				TEST_HOST = "$(BUILT_PRODUCTS_DIR)/GCD-Demo.app/GCD-Demo";
			};
			name = Release;
		};
		C7E55B94228E581B00A631B1 /* Debug */ = {
			isa = XCBuildConfiguration;
			buildSettings = {
				CODE_SIGN_STYLE = Automatic;
				INFOPLIST_FILE = "GCD-DemoUITests/Info.plist";
				LD_RUNPATH_SEARCH_PATHS = (
					"$(inherited)",
					"@executable_path/Frameworks",
					"@loader_path/Frameworks",
				);
				PRODUCT_BUNDLE_IDENTIFIER = "xiaoyaoknight.GCD-DemoUITests";
				PRODUCT_NAME = "$(TARGET_NAME)";
				TARGETED_DEVICE_FAMILY = "1,2";
				TEST_TARGET_NAME = "GCD-Demo";
			};
			name = Debug;
		};
		C7E55B95228E581B00A631B1 /* Release */ = {
			isa = XCBuildConfiguration;
			buildSettings = {
				CODE_SIGN_STYLE = Automatic;
				INFOPLIST_FILE = "GCD-DemoUITests/Info.plist";
				LD_RUNPATH_SEARCH_PATHS = (
					"$(inherited)",
					"@executable_path/Frameworks",
					"@loader_path/Frameworks",
				);
				PRODUCT_BUNDLE_IDENTIFIER = "xiaoyaoknight.GCD-DemoUITests";
				PRODUCT_NAME = "$(TARGET_NAME)";
				TARGETED_DEVICE_FAMILY = "1,2";
				TEST_TARGET_NAME = "GCD-Demo";
			};
			name = Release;
		};
/* End XCBuildConfiguration section */

/* Begin XCConfigurationList section */
		C7E55B5C228E581A00A631B1 /* Build configuration list for PBXProject "GCD-Demo" */ = {
			isa = XCConfigurationList;
			buildConfigurations = (
				C7E55B8B228E581B00A631B1 /* Debug */,
				C7E55B8C228E581B00A631B1 /* Release */,
			);
			defaultConfigurationIsVisible = 0;
			defaultConfigurationName = Release;
		};
		C7E55B8D228E581B00A631B1 /* Build configuration list for PBXNativeTarget "GCD-Demo" */ = {
			isa = XCConfigurationList;
			buildConfigurations = (
				C7E55B8E228E581B00A631B1 /* Debug */,
				C7E55B8F228E581B00A631B1 /* Release */,
			);
			defaultConfigurationIsVisible = 0;
			defaultConfigurationName = Release;
		};
		C7E55B90228E581B00A631B1 /* Build configuration list for PBXNativeTarget "GCD-DemoTests" */ = {
			isa = XCConfigurationList;
			buildConfigurations = (
				C7E55B91228E581B00A631B1 /* Debug */,
				C7E55B92228E581B00A631B1 /* Release */,
			);
			defaultConfigurationIsVisible = 0;
			defaultConfigurationName = Release;
		};
		C7E55B93228E581B00A631B1 /* Build configuration list for PBXNativeTarget "GCD-DemoUITests" */ = {
			isa = XCConfigurationList;
			buildConfigurations = (
				C7E55B94228E581B00A631B1 /* Debug */,
				C7E55B95228E581B00A631B1 /* Release */,
			);
			defaultConfigurationIsVisible = 0;
			defaultConfigurationName = Release;
		};
/* End XCConfigurationList section */
	};
	rootObject = C7E55B59228E581A00A631B1 /* Project object */;
}
